dependencies:
- name: postgresql
  repository: https://charts.bitnami.com/bitnami
  version: 15.2.5
- name: redis
  repository: https://charts.bitnami.com/bitnami
  version: 19.6.0
- name: keycloak
  repository: https://charts.bitnami.com/bitnami
  version: 22.2.5
- name: tier1-gateway
  repository: https://code.europa.eu/api/v4/projects/772/packages/helm/stable
  version: 1.3.1
- name: users-roles
  repository: https://code.europa.eu/api/v4/projects/771/packages/helm/stable
  version: 1.3.1
- name: simpl-fe
  repository: https://code.europa.eu/api/v4/projects/769/packages/helm/stable
  version: 1.3.5
- name: tier2-gateway
  repository: https://code.europa.eu/api/v4/projects/860/packages/helm/stable
  version: 1.3.1
- name: authentication-provider
  repository: https://code.europa.eu/api/v4/projects/939/packages/helm/stable
  version: 1.3.4
digest: sha256:72b991b1c3f55fd8720fa5780477b572d8fd24f4356cdfcaa724d24dea86aa54
generated: "2025-04-17T13:15:56.790329675+02:00"
