dependencies:
- name: redis
  repository: https://charts.bitnami.com/bitnami
  version: 19.6.0
- name: postgresql
  repository: https://charts.bitnami.com/bitnami
  version: 15.2.5
- name: keycloak
  repository: https://charts.bitnami.com/bitnami
  version: 22.2.5
- name: simpl-cloud-gateway
  repository: https://code.europa.eu/api/v4/projects/772/packages/helm/stable
  version: 0.8.0-SNAPSHOT.264.53277f8a
- name: users-roles
  repository: https://code.europa.eu/api/v4/projects/771/packages/helm/stable
  version: 0.8.0-SNAPSHOT.830.12fbac0c
- name: authentication-provider
  repository: https://code.europa.eu/api/v4/projects/939/packages/helm/stable
  version: 0.8.0-SNAPSHOT.78.df08ed36
- name: simpl-fe
  repository: https://code.europa.eu/api/v4/projects/769/packages/helm/stable
  version: 0.8.0-SNAPSHOT.974.fd00dd41
- name: security-attributes-provider
  repository: https://code.europa.eu/api/v4/projects/861/packages/helm/stable
  version: 0.8.0-SNAPSHOT.437.261e8895
digest: sha256:aeb523e61fb95fcd6887efc9f83243053c71549781dad03bf8914521ad7e44f4
generated: "2024-11-26T17:06:52.833747732+01:00"
