dependencies:
- name: redis
  repository: https://charts.bitnami.com/bitnami
  version: 19.6.0
- name: postgresql
  repository: https://charts.bitnami.com/bitnami
  version: 15.2.5
- name: keycloak
  repository: https://charts.bitnami.com/bitnami
  version: 22.2.5
- name: simpl-cloud-gateway
  repository: https://code.europa.eu/api/v4/projects/772/packages/helm/stable
  version: 0.7.0-SNAPSHOT.242.68415818
- name: users-roles
  repository: https://code.europa.eu/api/v4/projects/771/packages/helm/stable
  version: 0.7.0-SNAPSHOT.766.cf371aaa
- name: authentication-provider
  repository: https://code.europa.eu/api/v4/projects/939/packages/helm/stable
  version: 0.7.0-SNAPSHOT.57.e77c5c7b
- name: simpl-fe
  repository: https://code.europa.eu/api/v4/projects/769/packages/helm/stable
  version: 0.7.0-SNAPSHOT.821.e098f635
digest: sha256:5a7830232733f828442eb9ebc33cc49f8aa1dc2d4e583e876123809b9758a377
generated: "2024-11-08T16:16:58.463711544+01:00"
