dependencies:
- name: fe-authentication-provider
  repository: https://code.europa.eu/api/v4/projects/1308/packages/helm/stable
  version: 2.8.4
- name: fe-users-and-roles
  repository: https://code.europa.eu/api/v4/projects/1310/packages/helm/stable
  version: 2.9.2
digest: sha256:0da58e1a6aaa63e98a8eb4bbfa93ec4a55af5f8d06cefeb4b9a24c8db21ae961
generated: "2026-01-14T15:23:49.622533462+01:00"
