dependencies:
- name: postgresql
  repository: https://charts.bitnami.com/bitnami
  version: 15.2.5
- name: ejbca-community-helm
  repository: https://keyfactor.github.io/ejbca-community-helm
  version: 1.0.3
- name: redis
  repository: https://charts.bitnami.com/bitnami
  version: 19.6.0
- name: keycloak
  repository: https://charts.bitnami.com/bitnami
  version: 22.2.5
- name: simpl-cloud-gateway
  repository: https://code.europa.eu/api/v4/projects/772/packages/helm/stable
  version: 0.8.0
- name: tls-gateway
  repository: https://code.europa.eu/api/v4/projects/860/packages/helm/stable
  version: 0.8.3-329.hotfix.8f8eb325
- name: security-attributes-provider
  repository: https://code.europa.eu/api/v4/projects/861/packages/helm/stable
  version: 0.8.0
- name: users-roles
  repository: https://code.europa.eu/api/v4/projects/771/packages/helm/stable
  version: 0.8.1
- name: onboarding
  repository: https://code.europa.eu/api/v4/projects/770/packages/helm/stable
  version: 0.8.0
- name: simpl-fe
  repository: https://code.europa.eu/api/v4/projects/769/packages/helm/stable
  version: 0.8.1
- name: identity-provider
  repository: https://code.europa.eu/api/v4/projects/913/packages/helm/stable
  version: 0.8.0
- name: authentication-provider
  repository: https://code.europa.eu/api/v4/projects/939/packages/helm/stable
  version: 0.8.1
digest: sha256:46f6dec5e3a3e0c43258474a728e3559a4dd0419f4e6edb54d3e93f502ebdd05
generated: "2024-12-18T12:54:16.238063522+01:00"
