dependencies:
- name: vault
  repository: https://helm.releases.hashicorp.com
  version: 0.30.0
- name: redis
  repository: https://charts.bitnami.com/bitnami
  version: 19.6.0
- name: postgresql
  repository: https://charts.bitnami.com/bitnami
  version: 15.2.5
- name: keycloak
  repository: https://charts.bitnami.com/bitnami
  version: 25.2.0
- name: ejbca-community-helm
  repository: https://keyfactor.github.io/ejbca-community-helm
  version: 1.0.3
- name: redpanda
  repository: https://charts.redpanda.com
  version: 5.7.0
digest: sha256:c9a772756eab6f69393897fc8bdc86c4d6fc80d797c500f1c41b067c188ab6f4
generated: "2026-04-17T12:18:52.98344091+02:00"
