dependencies:
- name: postgresql
  repository: https://charts.bitnami.com/bitnami
  version: 15.2.5
- name: redis
  repository: https://charts.bitnami.com/bitnami
  version: 19.6.0
- name: keycloak
  repository: https://charts.bitnami.com/bitnami
  version: 22.2.5
- name: simpl-cloud-gateway
  repository: https://code.europa.eu/api/v4/projects/772/packages/helm/stable
  version: 1.0.1
- name: users-roles
  repository: https://code.europa.eu/api/v4/projects/771/packages/helm/stable
  version: 1.0.1
- name: simpl-fe
  repository: https://code.europa.eu/api/v4/projects/769/packages/helm/stable
  version: 1.0.3
- name: tls-gateway
  repository: https://code.europa.eu/api/v4/projects/860/packages/helm/stable
  version: 1.0.2
- name: authentication-provider
  repository: https://code.europa.eu/api/v4/projects/939/packages/helm/stable
  version: 1.0.0
digest: sha256:1b28a1314ea13835df27949bd81c9221b53234a3be7521161896a9a6cd739628
generated: "2025-01-20T10:51:38.175582182+01:00"
